
Microsoft Visual Studio Solution File, Format Version 12.00
# Visual Studio Version 17
VisualStudioVersion = 17.3.32811.315
MinimumVisualStudioVersion = 10.0.40219.1
Project("{FAE04EC0-301F-11D3-BF4B-00C04F79EFBC}") = "Streamish", "Streamish\Streamish.csproj", "{4129E291-5940-4F3B-8FC6-15926479FEC5}"
EndProject
Global
	GlobalSection(SolutionConfigurationPlatforms) = preSolution
		Debug|Any CPU = Debug|Any CPU
		Release|Any CPU = Release|Any CPU
	EndGlobalSection
	GlobalSection(ProjectConfigurationPlatforms) = postSolution
		{4129E291-5940-4F3B-8FC6-15926479FEC5}.Debug|Any CPU.ActiveCfg = Debug|Any CPU
		{4129E291-5940-4F3B-8FC6-15926479FEC5}.Debug|Any CPU.Build.0 = Debug|Any CPU
		{4129E291-5940-4F3B-8FC6-15926479FEC5}.Release|Any CPU.ActiveCfg = Release|Any CPU
		{4129E291-5940-4F3B-8FC6-15926479FEC5}.Release|Any CPU.Build.0 = Release|Any CPU
	EndGlobalSection
	GlobalSection(SolutionProperties) = preSolution
		HideSolutionNode = FALSE
	EndGlobalSection
	GlobalSection(ExtensibilityGlobals) = postSolution
		SolutionGuid = {3BB53BB0-A071-41FA-B974-6FF6E2E98B61}
	EndGlobalSection
EndGlobal
